Microsoft Visual Studio Solution File, Format Version 12.00
# Visual Studio Version 17
VisualStudioVersion = 17.5.2.0
MinimumVisualStudioVersion = 10.0.40219.1
Project("{FAE04EC0-301F-11D3-BF4B-00C04F79EFBC}") = "MyBlazorApp.", "MyBlazorApp..csproj", "{204837E1-A0DC-B885-8083-7856568232F2}"
EndProject
Global
	GlobalSection(SolutionConfigurationPlatforms) = preSolution
		Debug|Any CPU = Debug|Any CPU
		Release|Any CPU = Release|Any CPU
	EndGlobalSection
	GlobalSection(ProjectConfigurationPlatforms) = postSolution
		{204837E1-A0DC-B885-8083-7856568232F2}.Debug|Any CPU.ActiveCfg = Debug|Any CPU
		{204837E1-A0DC-B885-8083-7856568232F2}.Debug|Any CPU.Build.0 = Debug|Any CPU
		{204837E1-A0DC-B885-8083-7856568232F2}.Release|Any CPU.ActiveCfg = Release|Any CPU
		{204837E1-A0DC-B885-8083-7856568232F2}.Release|Any CPU.Build.0 = Release|Any CPU
	EndGlobalSection
	GlobalSection(SolutionProperties) = preSolution
		HideSolutionNode = FALSE
	EndGlobalSection
	GlobalSection(ExtensibilityGlobals) = postSolution
		SolutionGuid = {342FBD30-3C3A-4161-BCED-EFA3349C095C}
	EndGlobalSection
EndGlobal
